
Microsoft Visual Studio Solution File, Format Version 12.00
# Visual Studio Version 17
VisualStudioVersion = 17.3.32929.385
MinimumVisualStudioVersion = 10.0.40219.1
Project("{FAE04EC0-301F-11D3-BF4B-00C04F79EFBC}") = "Mediator", "Mediator.csproj", "{1C81E0A4-B5B0-458D-BB34-6C32F32CC1E8}"
EndProject
Global
	GlobalSection(SolutionConfigurationPlatforms) = preSolution
		Debug|Any CPU = Debug|Any CPU
		Release|Any CPU = Release|Any CPU
	EndGlobalSection
	GlobalSection(ProjectConfigurationPlatforms) = postSolution
		{1C81E0A4-B5B0-458D-BB34-6C32F32CC1E8}.Debug|Any CPU.ActiveCfg = Debug|Any CPU
		{1C81E0A4-B5B0-458D-BB34-6C32F32CC1E8}.Debug|Any CPU.Build.0 = Debug|Any CPU
		{1C81E0A4-B5B0-458D-BB34-6C32F32CC1E8}.Release|Any CPU.ActiveCfg = Release|Any CPU
		{1C81E0A4-B5B0-458D-BB34-6C32F32CC1E8}.Release|Any CPU.Build.0 = Release|Any CPU
	EndGlobalSection
	GlobalSection(SolutionProperties) = preSolution
		HideSolutionNode = FALSE
	EndGlobalSection
	GlobalSection(ExtensibilityGlobals) = postSolution
		SolutionGuid = {97E6D834-2BC6-4572-96E7-493B3B487C51}
	EndGlobalSection
EndGlobal
