
Microsoft Visual Studio Solution File, Format Version 12.00
# Visual Studio Version 17
VisualStudioVersion = 17.3.32929.385
MinimumVisualStudioVersion = 10.0.40219.1
Project("{FAE04EC0-301F-11D3-BF4B-00C04F79EFBC}") = "Singleton.NonThreadSafe", "Singleton.NonThreadSafe.csproj", "{F22F399B-089F-4A70-9717-2DC91FD5687B}"
EndProject
Global
	GlobalSection(SolutionConfigurationPlatforms) = preSolution
		Debug|Any CPU = Debug|Any CPU
		Release|Any CPU = Release|Any CPU
	EndGlobalSection
	GlobalSection(ProjectConfigurationPlatforms) = postSolution
		{F22F399B-089F-4A70-9717-2DC91FD5687B}.Debug|Any CPU.ActiveCfg = Debug|Any CPU
		{F22F399B-089F-4A70-9717-2DC91FD5687B}.Debug|Any CPU.Build.0 = Debug|Any CPU
		{F22F399B-089F-4A70-9717-2DC91FD5687B}.Release|Any CPU.ActiveCfg = Release|Any CPU
		{F22F399B-089F-4A70-9717-2DC91FD5687B}.Release|Any CPU.Build.0 = Release|Any CPU
	EndGlobalSection
	GlobalSection(SolutionProperties) = preSolution
		HideSolutionNode = FALSE
	EndGlobalSection
	GlobalSection(ExtensibilityGlobals) = postSolution
		SolutionGuid = {3074075A-F352-4B7B-A186-CAC4A5D4234F}
	EndGlobalSection
EndGlobal
