
Microsoft Visual Studio Solution File, Format Version 12.00
# Visual Studio Version 17
VisualStudioVersion = 17.3.32929.385
MinimumVisualStudioVersion = 10.0.40219.1
Project("{FAE04EC0-301F-11D3-BF4B-00C04F79EFBC}") = "Facade", "Facade.csproj", "{5338AFEB-2223-4293-A4A5-DC1ED11878D9}"
EndProject
Global
	GlobalSection(SolutionConfigurationPlatforms) = preSolution
		Debug|Any CPU = Debug|Any CPU
		Release|Any CPU = Release|Any CPU
	EndGlobalSection
	GlobalSection(ProjectConfigurationPlatforms) = postSolution
		{5338AFEB-2223-4293-A4A5-DC1ED11878D9}.Debug|Any CPU.ActiveCfg = Debug|Any CPU
		{5338AFEB-2223-4293-A4A5-DC1ED11878D9}.Debug|Any CPU.Build.0 = Debug|Any CPU
		{5338AFEB-2223-4293-A4A5-DC1ED11878D9}.Release|Any CPU.ActiveCfg = Release|Any CPU
		{5338AFEB-2223-4293-A4A5-DC1ED11878D9}.Release|Any CPU.Build.0 = Release|Any CPU
	EndGlobalSection
	GlobalSection(SolutionProperties) = preSolution
		HideSolutionNode = FALSE
	EndGlobalSection
	GlobalSection(ExtensibilityGlobals) = postSolution
		SolutionGuid = {8077FC43-787F-4F54-BD30-420A9471CFAF}
	EndGlobalSection
EndGlobal
